
Microsoft Visual Studio Solution File, Format Version 12.00
# Visual Studio 15
VisualStudioVersion = 15.0.26114.2
MinimumVisualStudioVersion = 10.0.40219.1
Project("{2150E333-8FDC-42A3-9474-1A3956D46DE8}") = "src", "src", "{02C1A5B7-7D19-4A1A-A509-028E6516EC1A}"
EndProject
Project("{FAE04EC0-301F-11D3-BF4B-00C04F79EFBC}") = "Tsp", "src\Tsp\Tsp.csproj", "{83EEE4D8-B05D-44F2-AA2A-BBAE6FD86D16}"
EndProject
Project("{FAE04EC0-301F-11D3-BF4B-00C04F79EFBC}") = "GoogleMapsServices", "src\GoogleMapsServices\GoogleMapsServices.csproj", "{E6DA95CC-38E9-487B-9F59-C8757401BFB5}"
EndProject
Project("{FAE04EC0-301F-11D3-BF4B-00C04F79EFBC}") = "Delivery", "src\Delivery\Delivery.csproj", "{DBA602CF-F8B3-4F08-9B9A-66A90AEB3F22}"
EndProject
Global
	GlobalSection(SolutionConfigurationPlatforms) = preSolution
		Debug|Any CPU = Debug|Any CPU
		Release|Any CPU = Release|Any CPU
	EndGlobalSection
	GlobalSection(ProjectConfigurationPlatforms) = postSolution
		{83EEE4D8-B05D-44F2-AA2A-BBAE6FD86D16}.Debug|Any CPU.ActiveCfg = Debug|Any CPU
		{83EEE4D8-B05D-44F2-AA2A-BBAE6FD86D16}.Debug|Any CPU.Build.0 = Debug|Any CPU
		{83EEE4D8-B05D-44F2-AA2A-BBAE6FD86D16}.Release|Any CPU.ActiveCfg = Release|Any CPU
		{83EEE4D8-B05D-44F2-AA2A-BBAE6FD86D16}.Release|Any CPU.Build.0 = Release|Any CPU
		{E6DA95CC-38E9-487B-9F59-C8757401BFB5}.Debug|Any CPU.ActiveCfg = Debug|Any CPU
		{E6DA95CC-38E9-487B-9F59-C8757401BFB5}.Debug|Any CPU.Build.0 = Debug|Any CPU
		{E6DA95CC-38E9-487B-9F59-C8757401BFB5}.Release|Any CPU.ActiveCfg = Release|Any CPU
		{E6DA95CC-38E9-487B-9F59-C8757401BFB5}.Release|Any CPU.Build.0 = Release|Any CPU
		{DBA602CF-F8B3-4F08-9B9A-66A90AEB3F22}.Debug|Any CPU.ActiveCfg = Debug|Any CPU
		{DBA602CF-F8B3-4F08-9B9A-66A90AEB3F22}.Debug|Any CPU.Build.0 = Debug|Any CPU
		{DBA602CF-F8B3-4F08-9B9A-66A90AEB3F22}.Release|Any CPU.ActiveCfg = Release|Any CPU
		{DBA602CF-F8B3-4F08-9B9A-66A90AEB3F22}.Release|Any CPU.Build.0 = Release|Any CPU
	EndGlobalSection
	GlobalSection(SolutionProperties) = preSolution
		HideSolutionNode = FALSE
	EndGlobalSection
	GlobalSection(NestedProjects) = preSolution
		{83EEE4D8-B05D-44F2-AA2A-BBAE6FD86D16} = {02C1A5B7-7D19-4A1A-A509-028E6516EC1A}
		{E6DA95CC-38E9-487B-9F59-C8757401BFB5} = {02C1A5B7-7D19-4A1A-A509-028E6516EC1A}
		{DBA602CF-F8B3-4F08-9B9A-66A90AEB3F22} = {02C1A5B7-7D19-4A1A-A509-028E6516EC1A}
	EndGlobalSection
EndGlobal
